
Microsoft Visual Studio Solution File, Format Version 12.00
# Visual Studio 15
VisualStudioVersion = 15.0.26124.0
MinimumVisualStudioVersion = 15.0.26124.0
Project("{FAE04EC0-301F-11D3-BF4B-00C04F79EFBC}") = "DemoStore.Api", "DemoStore.Api\DemoStore.Api.csproj", "{ADEFD305-7009-4946-95E4-588653F4C888}"
EndProject
Project("{FAE04EC0-301F-11D3-BF4B-00C04F79EFBC}") = "DemoStore.Domain", "DemoStore.Domain\DemoStore.Domain.csproj", "{C77429C2-8097-454A-ABBD-7D4E748A6A50}"
EndProject
Project("{FAE04EC0-301F-11D3-BF4B-00C04F79EFBC}") = "DemoStore.Infra", "DemoStore.Infra\DemoStore.Infra.csproj", "{0962FF27-D447-4588-9B06-547FDFBF7B2D}"
EndProject
Project("{FAE04EC0-301F-11D3-BF4B-00C04F79EFBC}") = "DemoStore.Shared", "DemoStore.Shared\DemoStore.Shared.csproj", "{35DA535A-0CEF-4364-BF7C-F881FA434141}"
EndProject
Project("{FAE04EC0-301F-11D3-BF4B-00C04F79EFBC}") = "DemoStore.Tests", "DemoStore.Tests\DemoStore.Tests.csproj", "{38900E37-628D-44E5-908E-570B08E717AD}"
EndProject
Global
	GlobalSection(SolutionConfigurationPlatforms) = preSolution
		Debug|Any CPU = Debug|Any CPU
		Debug|x64 = Debug|x64
		Debug|x86 = Debug|x86
		Release|Any CPU = Release|Any CPU
		Release|x64 = Release|x64
		Release|x86 = Release|x86
	EndGlobalSection
	GlobalSection(SolutionProperties) = preSolution
		HideSolutionNode = FALSE
	EndGlobalSection
	GlobalSection(ProjectConfigurationPlatforms) = postSolution
		{ADEFD305-7009-4946-95E4-588653F4C888}.Debug|Any CPU.ActiveCfg = Debug|Any CPU
		{ADEFD305-7009-4946-95E4-588653F4C888}.Debug|Any CPU.Build.0 = Debug|Any CPU
		{ADEFD305-7009-4946-95E4-588653F4C888}.Debug|x64.ActiveCfg = Debug|Any CPU
		{ADEFD305-7009-4946-95E4-588653F4C888}.Debug|x64.Build.0 = Debug|Any CPU
		{ADEFD305-7009-4946-95E4-588653F4C888}.Debug|x86.ActiveCfg = Debug|Any CPU
		{ADEFD305-7009-4946-95E4-588653F4C888}.Debug|x86.Build.0 = Debug|Any CPU
		{ADEFD305-7009-4946-95E4-588653F4C888}.Release|Any CPU.ActiveCfg = Release|Any CPU
		{ADEFD305-7009-4946-95E4-588653F4C888}.Release|Any CPU.Build.0 = Release|Any CPU
		{ADEFD305-7009-4946-95E4-588653F4C888}.Release|x64.ActiveCfg = Release|Any CPU
		{ADEFD305-7009-4946-95E4-588653F4C888}.Release|x64.Build.0 = Release|Any CPU
		{ADEFD305-7009-4946-95E4-588653F4C888}.Release|x86.ActiveCfg = Release|Any CPU
		{ADEFD305-7009-4946-95E4-588653F4C888}.Release|x86.Build.0 = Release|Any CPU
		{C77429C2-8097-454A-ABBD-7D4E748A6A50}.Debug|Any CPU.ActiveCfg = Debug|Any CPU
		{C77429C2-8097-454A-ABBD-7D4E748A6A50}.Debug|Any CPU.Build.0 = Debug|Any CPU
		{C77429C2-8097-454A-ABBD-7D4E748A6A50}.Debug|x64.ActiveCfg = Debug|Any CPU
		{C77429C2-8097-454A-ABBD-7D4E748A6A50}.Debug|x64.Build.0 = Debug|Any CPU
		{C77429C2-8097-454A-ABBD-7D4E748A6A50}.Debug|x86.ActiveCfg = Debug|Any CPU
		{C77429C2-8097-454A-ABBD-7D4E748A6A50}.Debug|x86.Build.0 = Debug|Any CPU
		{C77429C2-8097-454A-ABBD-7D4E748A6A50}.Release|Any CPU.ActiveCfg = Release|Any CPU
		{C77429C2-8097-454A-ABBD-7D4E748A6A50}.Release|Any CPU.Build.0 = Release|Any CPU
		{C77429C2-8097-454A-ABBD-7D4E748A6A50}.Release|x64.ActiveCfg = Release|Any CPU
		{C77429C2-8097-454A-ABBD-7D4E748A6A50}.Release|x64.Build.0 = Release|Any CPU
		{C77429C2-8097-454A-ABBD-7D4E748A6A50}.Release|x86.ActiveCfg = Release|Any CPU
		{C77429C2-8097-454A-ABBD-7D4E748A6A50}.Release|x86.Build.0 = Release|Any CPU
		{0962FF27-D447-4588-9B06-547FDFBF7B2D}.Debug|Any CPU.ActiveCfg = Debug|Any CPU
		{0962FF27-D447-4588-9B06-547FDFBF7B2D}.Debug|Any CPU.Build.0 = Debug|Any CPU
		{0962FF27-D447-4588-9B06-547FDFBF7B2D}.Debug|x64.ActiveCfg = Debug|Any CPU
		{0962FF27-D447-4588-9B06-547FDFBF7B2D}.Debug|x64.Build.0 = Debug|Any CPU
		{0962FF27-D447-4588-9B06-547FDFBF7B2D}.Debug|x86.ActiveCfg = Debug|Any CPU
		{0962FF27-D447-4588-9B06-547FDFBF7B2D}.Debug|x86.Build.0 = Debug|Any CPU
		{0962FF27-D447-4588-9B06-547FDFBF7B2D}.Release|Any CPU.ActiveCfg = Release|Any CPU
		{0962FF27-D447-4588-9B06-547FDFBF7B2D}.Release|Any CPU.Build.0 = Release|Any CPU
		{0962FF27-D447-4588-9B06-547FDFBF7B2D}.Release|x64.ActiveCfg = Release|Any CPU
		{0962FF27-D447-4588-9B06-547FDFBF7B2D}.Release|x64.Build.0 = Release|Any CPU
		{0962FF27-D447-4588-9B06-547FDFBF7B2D}.Release|x86.ActiveCfg = Release|Any CPU
		{0962FF27-D447-4588-9B06-547FDFBF7B2D}.Release|x86.Build.0 = Release|Any CPU
		{35DA535A-0CEF-4364-BF7C-F881FA434141}.Debug|Any CPU.ActiveCfg = Debug|Any CPU
		{35DA535A-0CEF-4364-BF7C-F881FA434141}.Debug|Any CPU.Build.0 = Debug|Any CPU
		{35DA535A-0CEF-4364-BF7C-F881FA434141}.Debug|x64.ActiveCfg = Debug|Any CPU
		{35DA535A-0CEF-4364-BF7C-F881FA434141}.Debug|x64.Build.0 = Debug|Any CPU
		{35DA535A-0CEF-4364-BF7C-F881FA434141}.Debug|x86.ActiveCfg = Debug|Any CPU
		{35DA535A-0CEF-4364-BF7C-F881FA434141}.Debug|x86.Build.0 = Debug|Any CPU
		{35DA535A-0CEF-4364-BF7C-F881FA434141}.Release|Any CPU.ActiveCfg = Release|Any CPU
		{35DA535A-0CEF-4364-BF7C-F881FA434141}.Release|Any CPU.Build.0 = Release|Any CPU
		{35DA535A-0CEF-4364-BF7C-F881FA434141}.Release|x64.ActiveCfg = Release|Any CPU
		{35DA535A-0CEF-4364-BF7C-F881FA434141}.Release|x64.Build.0 = Release|Any CPU
		{35DA535A-0CEF-4364-BF7C-F881FA434141}.Release|x86.ActiveCfg = Release|Any CPU
		{35DA535A-0CEF-4364-BF7C-F881FA434141}.Release|x86.Build.0 = Release|Any CPU
		{38900E37-628D-44E5-908E-570B08E717AD}.Debug|Any CPU.ActiveCfg = Debug|Any CPU
		{38900E37-628D-44E5-908E-570B08E717AD}.Debug|Any CPU.Build.0 = Debug|Any CPU
		{38900E37-628D-44E5-908E-570B08E717AD}.Debug|x64.ActiveCfg = Debug|Any CPU
		{38900E37-628D-44E5-908E-570B08E717AD}.Debug|x64.Build.0 = Debug|Any CPU
		{38900E37-628D-44E5-908E-570B08E717AD}.Debug|x86.ActiveCfg = Debug|Any CPU
		{38900E37-628D-44E5-908E-570B08E717AD}.Debug|x86.Build.0 = Debug|Any CPU
		{38900E37-628D-44E5-908E-570B08E717AD}.Release|Any CPU.ActiveCfg = Release|Any CPU
		{38900E37-628D-44E5-908E-570B08E717AD}.Release|Any CPU.Build.0 = Release|Any CPU
		{38900E37-628D-44E5-908E-570B08E717AD}.Release|x64.ActiveCfg = Release|Any CPU
		{38900E37-628D-44E5-908E-570B08E717AD}.Release|x64.Build.0 = Release|Any CPU
		{38900E37-628D-44E5-908E-570B08E717AD}.Release|x86.ActiveCfg = Release|Any CPU
		{38900E37-628D-44E5-908E-570B08E717AD}.Release|x86.Build.0 = Release|Any CPU
	EndGlobalSection
EndGlobal
